
Microsoft Visual Studio Solution File, Format Version 12.00
# Visual Studio Version 16
VisualStudioVersion = 16.0.31424.327
MinimumVisualStudioVersion = 10.0.40219.1
Project("{9A19103F-16F7-4668-BE54-9A1E7A4F7556}") = "PracticeDependencyInjection", "PracticeDependencyInjection\PracticeDependencyInjection.csproj", "{52867118-1863-4255-AF10-56ABB175EE30}"
EndProject
Project("{FAE04EC0-301F-11D3-BF4B-00C04F79EFBC}") = "PracticeDependencyInjectionTests", "PracticeDependencyInjectionTests\PracticeDependencyInjectionTests.csproj", "{08D419D7-5FD4-4102-8DC8-47C627D3278B}"
EndProject
Global
	GlobalSection(SolutionConfigurationPlatforms) = preSolution
		Debug|Any CPU = Debug|Any CPU
		Release|Any CPU = Release|Any CPU
	EndGlobalSection
	GlobalSection(ProjectConfigurationPlatforms) = postSolution
		{52867118-1863-4255-AF10-56ABB175EE30}.Debug|Any CPU.ActiveCfg = Debug|Any CPU
		{52867118-1863-4255-AF10-56ABB175EE30}.Debug|Any CPU.Build.0 = Debug|Any CPU
		{52867118-1863-4255-AF10-56ABB175EE30}.Release|Any CPU.ActiveCfg = Release|Any CPU
		{52867118-1863-4255-AF10-56ABB175EE30}.Release|Any CPU.Build.0 = Release|Any CPU
		{08D419D7-5FD4-4102-8DC8-47C627D3278B}.Debug|Any CPU.ActiveCfg = Debug|Any CPU
		{08D419D7-5FD4-4102-8DC8-47C627D3278B}.Debug|Any CPU.Build.0 = Debug|Any CPU
		{08D419D7-5FD4-4102-8DC8-47C627D3278B}.Release|Any CPU.ActiveCfg = Release|Any CPU
		{08D419D7-5FD4-4102-8DC8-47C627D3278B}.Release|Any CPU.Build.0 = Release|Any CPU
	EndGlobalSection
	GlobalSection(SolutionProperties) = preSolution
		HideSolutionNode = FALSE
	EndGlobalSection
	GlobalSection(ExtensibilityGlobals) = postSolution
		SolutionGuid = {18EE64B6-8690-4109-88BB-5E420CD11F98}
	EndGlobalSection
EndGlobal
